// !$*UTF8*$!
{
	archiveVersion = 1;
	classes = {
	};
	objectVersion = 48;
	objects = {

/* Begin PBXBuildFile section */
		13DA342A1FD3A55800D219B4 /* AppDelegate.m in Sources */ = {isa = PBXBuildFile; fileRef = 13DA34291FD3A55800D219B4 /* AppDelegate.m */; };
		13DA34321FD3A55800D219B4 /* Assets.xcassets in Resources */ = {isa = PBXBuildFile; fileRef = 13DA34311FD3A55800D219B4 /* Assets.xcassets */; };
		13DA34351FD3A55800D219B4 /* LaunchScreen.storyboard in Resources */ = {isa = PBXBuildFile; fileRef = 13DA34331FD3A55800D219B4 /* LaunchScreen.storyboard */; };
		13DA34381FD3A55800D219B4 /* main.m in Sources */ = {isa = PBXBuildFile; fileRef = 13DA34371FD3A55800D219B4 /* main.m */; };
		13DA34401FD3A61100D219B4 /* FirstViewController.m in Sources */ = {isa = PBXBuildFile; fileRef = 13DA343F1FD3A61100D219B4 /* FirstViewController.m */; };
		13DA34431FD3A61A00D219B4 /* SecondViewController.m in Sources */ = {isa = PBXBuildFile; fileRef = 13DA34421FD3A61A00D219B4 /* SecondViewController.m */; };
		13DA34471FD3AC5D00D219B4 /* TableViewCell.m in Sources */ = {isa = PBXBuildFile; fileRef = 13DA34451FD3AC5D00D219B4 /* TableViewCell.m */; };
		13DA34481FD3AC5D00D219B4 /* TableViewCell.xib in Resources */ = {isa = PBXBuildFile; fileRef = 13DA34461FD3AC5D00D219B4 /* TableViewCell.xib */; };
		13DA344B1FD3B5AC00D219B4 /* DataAccess.m in Sources */ = {isa = PBXBuildFile; fileRef = 13DA344A1FD3B5AC00D219B4 /* DataAccess.m */; };
/* End PBXBuildFile section */

/* Begin PBXFileReference section */
		13DA34251FD3A55800D219B4 /* Demo_tableView.app */ = {isa = PBXFileReference; explicitFileType = wrapper.application; includeInIndex = 0; path = Demo_tableView.app; sourceTree = BUILT_PRODUCTS_DIR; };
		13DA34281FD3A55800D219B4 /* AppDelegate.h */ = {isa = PBXFileReference; lastKnownFileType = sourcecode.c.h; path = AppDelegate.h; sourceTree = "<group>"; };
		13DA34291FD3A55800D219B4 /* AppDelegate.m */ = {isa = PBXFileReference; lastKnownFileType = sourcecode.c.objc; path = AppDelegate.m; sourceTree = "<group>"; };
		13DA34311FD3A55800D219B4 /* Assets.xcassets */ = {isa = PBXFileReference; lastKnownFileType = folder.assetcatalog; path = Assets.xcassets; sourceTree = "<group>"; };
		13DA34341FD3A55800D219B4 /* Base */ = {isa = PBXFileReference; lastKnownFileType = file.storyboard; name = Base; path = Base.lproj/LaunchScreen.storyboard; sourceTree = "<group>"; };
		13DA34361FD3A55800D219B4 /* Info.plist */ = {isa = PBXFileReference; lastKnownFileType = text.plist.xml; path = Info.plist; sourceTree = "<group>"; };
		13DA34371FD3A55800D219B4 /* main.m */ = {isa = PBXFileReference; lastKnownFileType = sourcecode.c.objc; path = main.m; sourceTree = "<group>"; };
		13DA343E1FD3A61100D219B4 /* FirstViewController.h */ = {isa = PBXFileReference; lastKnownFileType = sourcecode.c.h; path = FirstViewController.h; sourceTree = "<group>"; };
		13DA343F1FD3A61100D219B4 /* FirstViewController.m */ = {isa = PBXFileReference; lastKnownFileType = sourcecode.c.objc; path = FirstViewController.m; sourceTree = "<group>"; };
		13DA34411FD3A61A00D219B4 /* SecondViewController.h */ = {isa = PBXFileReference; lastKnownFileType = sourcecode.c.h; path = SecondViewController.h; sourceTree = "<group>"; };
		13DA34421FD3A61A00D219B4 /* SecondViewController.m */ = {isa = PBXFileReference; lastKnownFileType = sourcecode.c.objc; path = SecondViewController.m; sourceTree = "<group>"; };
		13DA34441FD3AC5D00D219B4 /* TableViewCell.h */ = {isa = PBXFileReference; lastKnownFileType = sourcecode.c.h; path = TableViewCell.h; sourceTree = "<group>"; };
		13DA34451FD3AC5D00D219B4 /* TableViewCell.m */ = {isa = PBXFileReference; lastKnownFileType = sourcecode.c.objc; path = TableViewCell.m; sourceTree = "<group>"; };
		13DA34461FD3AC5D00D219B4 /* TableViewCell.xib */ = {isa = PBXFileReference; lastKnownFileType = file.xib; path = TableViewCell.xib; sourceTree = "<group>"; };
		13DA34491FD3B5AC00D219B4 /* DataAccess.h */ = {isa = PBXFileReference; lastKnownFileType = sourcecode.c.h; path = DataAccess.h; sourceTree = "<group>"; };
		13DA344A1FD3B5AC00D219B4 /* DataAccess.m */ = {isa = PBXFileReference; lastKnownFileType = sourcecode.c.objc; path = DataAccess.m; sourceTree = "<group>"; };
/* End PBXFileReference section */

/* Begin PBXFrameworksBuildPhase section */
		13DA34221FD3A55800D219B4 /* Frameworks */ = {
			isa = PBXFrameworksBuildPhase;
			buildActionMask = 2147483647;
			files = (
			);
			runOnlyForDeploymentPostprocessing = 0;
		};
/* End PBXFrameworksBuildPhase section */

/* Begin PBXGroup section */
		13DA341C1FD3A55800D219B4 = {
			isa = PBXGroup;
			children = (
				13DA34271FD3A55800D219B4 /* Demo_tableView */,
				13DA34261FD3A55800D219B4 /* Products */,
			);
			sourceTree = "<group>";
		};
		13DA34261FD3A55800D219B4 /* Products */ = {
			isa = PBXGroup;
			children = (
				13DA34251FD3A55800D219B4 /* Demo_tableView.app */,
			);
			name = Products;
			sourceTree = "<group>";
		};
		13DA34271FD3A55800D219B4 /* Demo_tableView */ = {
			isa = PBXGroup;
			children = (
				13DA34281FD3A55800D219B4 /* AppDelegate.h */,
				13DA34291FD3A55800D219B4 /* AppDelegate.m */,
				13DA343E1FD3A61100D219B4 /* FirstViewController.h */,
				13DA343F1FD3A61100D219B4 /* FirstViewController.m */,
				13DA34411FD3A61A00D219B4 /* SecondViewController.h */,
				13DA34421FD3A61A00D219B4 /* SecondViewController.m */,
				13DA34441FD3AC5D00D219B4 /* TableViewCell.h */,
				13DA34451FD3AC5D00D219B4 /* TableViewCell.m */,
				13DA34461FD3AC5D00D219B4 /* TableViewCell.xib */,
				13DA34491FD3B5AC00D219B4 /* DataAccess.h */,
				13DA344A1FD3B5AC00D219B4 /* DataAccess.m */,
				13DA34311FD3A55800D219B4 /* Assets.xcassets */,
				13DA34331FD3A55800D219B4 /* LaunchScreen.storyboard */,
				13DA34361FD3A55800D219B4 /* Info.plist */,
				13DA34371FD3A55800D219B4 /* main.m */,
			);
			path = Demo_tableView;
			sourceTree = "<group>";
		};
/* End PBXGroup section */

/* Begin PBXNativeTarget section */
		13DA34241FD3A55800D219B4 /* Demo_tableView */ = {
			isa = PBXNativeTarget;
			buildConfigurationList = 13DA343B1FD3A55800D219B4 /* Build configuration list for PBXNativeTarget "Demo_tableView" */;
			buildPhases = (
				13DA34211FD3A55800D219B4 /* Sources */,
				13DA34221FD3A55800D219B4 /* Frameworks */,
				13DA34231FD3A55800D219B4 /* Resources */,
			);
			buildRules = (
			);
			dependencies = (
			);
			name = Demo_tableView;
			productName = Demo_tableView;
			productReference = 13DA34251FD3A55800D219B4 /* Demo_tableView.app */;
			productType = "com.apple.product-type.application";
		};
/* End PBXNativeTarget section */

/* Begin PBXProject section */
		13DA341D1FD3A55800D219B4 /* Project object */ = {
			isa = PBXProject;
			attributes = {
				LastUpgradeCheck = 0910;
				ORGANIZATIONNAME = GrayLeo;
				TargetAttributes = {
					13DA34241FD3A55800D219B4 = {
						CreatedOnToolsVersion = 9.1;
						ProvisioningStyle = Automatic;
					};
				};
			};
			buildConfigurationList = 13DA34201FD3A55800D219B4 /* Build configuration list for PBXProject "Demo_tableView" */;
			compatibilityVersion = "Xcode 8.0";
			developmentRegion = en;
			hasScannedForEncodings = 0;
			knownRegions = (
				en,
				Base,
			);
			mainGroup = 13DA341C1FD3A55800D219B4;
			productRefGroup = 13DA34261FD3A55800D219B4 /* Products */;
			projectDirPath = "";
			projectRoot = "";
			targets = (
				13DA34241FD3A55800D219B4 /* Demo_tableView */,
			);
		};
/* End PBXProject section */

/* Begin PBXResourcesBuildPhase section */
		13DA34231FD3A55800D219B4 /* Resources */ = {
			isa = PBXResourcesBuildPhase;
			buildActionMask = 2147483647;
			files = (
				13DA34351FD3A55800D219B4 /* LaunchScreen.storyboard in Resources */,
				13DA34481FD3AC5D00D219B4 /* TableViewCell.xib in Resources */,
				13DA34321FD3A55800D219B4 /* Assets.xcassets in Resources */,
			);
			runOnlyForDeploymentPostprocessing = 0;
		};
/* End PBXResourcesBuildPhase section */

/* Begin PBXSourcesBuildPhase section */
		13DA34211FD3A55800D219B4 /* Sources */ = {
			isa = PBXSourcesBuildPhase;
			buildActionMask = 2147483647;
			files = (
				13DA34431FD3A61A00D219B4 /* SecondViewController.m in Sources */,
				13DA34381FD3A55800D219B4 /* main.m in Sources */,
				13DA34401FD3A61100D219B4 /* FirstViewController.m in Sources */,
				13DA344B1FD3B5AC00D219B4 /* DataAccess.m in Sources */,
				13DA34471FD3AC5D00D219B4 /* TableViewCell.m in Sources */,
				13DA342A1FD3A55800D219B4 /* AppDelegate.m in Sources */,
			);
			runOnlyForDeploymentPostprocessing = 0;
		};
/* End PBXSourcesBuildPhase section */

/* Begin PBXVariantGroup section */
		13DA34331FD3A55800D219B4 /* LaunchScreen.storyboard */ = {
			isa = PBXVariantGroup;
			children = (
				13DA34341FD3A55800D219B4 /* Base */,
			);
			name = LaunchScreen.storyboard;
			sourceTree = "<group>";
		};
/* End PBXVariantGroup section */

/* Begin XCBuildConfiguration section */
		13DA34391FD3A55800D219B4 /* Debug */ = {
			isa = XCBuildConfiguration;
			buildSettings = {
				ALWAYS_SEARCH_USER_PATHS = NO;
				CLANG_ANALYZER_NONNULL = YES;
				CLANG_ANALYZER_NUMBER_OBJECT_CONVERSION = YES_AGGRESSIVE;
				CLANG_CXX_LANGUAGE_STANDARD = "gnu++14";
				CLANG_CXX_LIBRARY = "libc++";
				CLANG_ENABLE_MODULES = YES;
				CLANG_ENABLE_OBJC_ARC = YES;
				CLANG_WARN_BLOCK_CAPTURE_AUTORELEASING = YES;
				CLANG_WARN_BOOL_CONVERSION = YES;
				CLANG_WARN_COMMA = YES;
				CLANG_WARN_CONSTANT_CONVERSION = YES;
				CLANG_WARN_DIRECT_OBJC_ISA_USAGE = YES_ERROR;
				CLANG_WARN_DOCUMENTATION_COMMENTS = YES;
				CLANG_WARN_EMPTY_BODY = YES;
				CLANG_WARN_ENUM_CONVERSION = YES;
				CLANG_WARN_INFINITE_RECURSION = YES;
				CLANG_WARN_INT_CONVERSION = YES;
				CLANG_WARN_NON_LITERAL_NULL_CONVERSION = YES;
				CLANG_WARN_OBJC_LITERAL_CONVERSION = YES;
				CLANG_WARN_OBJC_ROOT_CLASS = YES_ERROR;
				CLANG_WARN_RANGE_LOOP_ANALYSIS = YES;
				CLANG_WARN_STRICT_PROTOTYPES = YES;
				CLANG_WARN_SUSPICIOUS_MOVE = YES;
				CLANG_WARN_UNGUARDED_AVAILABILITY = YES_AGGRESSIVE;
				CLANG_WARN_UNREACHABLE_CODE = YES;
				CLANG_WARN__DUPLICATE_METHOD_MATCH = YES;
				CODE_SIGN_IDENTITY = "iPhone Developer";
				COPY_PHASE_STRIP = NO;
				DEBUG_INFORMATION_FORMAT = dwarf;
				ENABLE_STRICT_OBJC_MSGSEND = YES;
				ENABLE_TESTABILITY = YES;
				GCC_C_LANGUAGE_STANDARD = gnu11;
				GCC_DYNAMIC_NO_PIC = NO;
				GCC_NO_COMMON_BLOCKS = YES;
				GCC_OPTIMIZATION_LEVEL = 0;
				GCC_PREPROCESSOR_DEFINITIONS = (
					"DEBUG=1",
					"$(inherited)",
				);
				GCC_WARN_64_TO_32_BIT_CONVERSION = YES;
				GCC_WARN_ABOUT_RETURN_TYPE = YES_ERROR;
				GCC_WARN_UNDECLARED_SELECTOR = YES;
				GCC_WARN_UNINITIALIZED_AUTOS = YES_AGGRESSIVE;
				GCC_WARN_UNUSED_FUNCTION = YES;
				GCC_WARN_UNUSED_VARIABLE = YES;
				IPHONEOS_DEPLOYMENT_TARGET = 11.1;
				MTL_ENABLE_DEBUG_INFO = YES;
				ONLY_ACTIVE_ARCH = YES;
				SDKROOT = iphoneos;
			};
			name = Debug;
		};
		13DA343A1FD3A55800D219B4 /* Release */ = {
			isa = XCBuildConfiguration;
			buildSettings = {
				ALWAYS_SEARCH_USER_PATHS = NO;
				CLANG_ANALYZER_NONNULL = YES;
				CLANG_ANALYZER_NUMBER_OBJECT_CONVERSION = YES_AGGRESSIVE;
				CLANG_CXX_LANGUAGE_STANDARD = "gnu++14";
				CLANG_CXX_LIBRARY = "libc++";
				CLANG_ENABLE_MODULES = YES;
				CLANG_ENABLE_OBJC_ARC = YES;
				CLANG_WARN_BLOCK_CAPTURE_AUTORELEASING = YES;
				CLANG_WARN_BOOL_CONVERSION = YES;
				CLANG_WARN_COMMA = YES;
				CLANG_WARN_CONSTANT_CONVERSION = YES;
				CLANG_WARN_DIRECT_OBJC_ISA_USAGE = YES_ERROR;
				CLANG_WARN_DOCUMENTATION_COMMENTS = YES;
				CLANG_WARN_EMPTY_BODY = YES;
				CLANG_WARN_ENUM_CONVERSION = YES;
				CLANG_WARN_INFINITE_RECURSION = YES;
				CLANG_WARN_INT_CONVERSION = YES;
				CLANG_WARN_NON_LITERAL_NULL_CONVERSION = YES;
				CLANG_WARN_OBJC_LITERAL_CONVERSION = YES;
				CLANG_WARN_OBJC_ROOT_CLASS = YES_ERROR;
				CLANG_WARN_RANGE_LOOP_ANALYSIS = YES;
				CLANG_WARN_STRICT_PROTOTYPES = YES;
				CLANG_WARN_SUSPICIOUS_MOVE = YES;
				CLANG_WARN_UNGUARDED_AVAILABILITY = YES_AGGRESSIVE;
				CLANG_WARN_UNREACHABLE_CODE = YES;
				CLANG_WARN__DUPLICATE_METHOD_MATCH = YES;
				CODE_SIGN_IDENTITY = "iPhone Developer";
				COPY_PHASE_STRIP = NO;
				DEBUG_INFORMATION_FORMAT = "dwarf-with-dsym";
				ENABLE_NS_ASSERTIONS = NO;
				ENABLE_STRICT_OBJC_MSGSEND = YES;
				GCC_C_LANGUAGE_STANDARD = gnu11;
				GCC_NO_COMMON_BLOCKS = YES;
				GCC_WARN_64_TO_32_BIT_CONVERSION = YES;
				GCC_WARN_ABOUT_RETURN_TYPE = YES_ERROR;
				GCC_WARN_UNDECLARED_SELECTOR = YES;
				GCC_WARN_UNINITIALIZED_AUTOS = YES_AGGRESSIVE;
				GCC_WARN_UNUSED_FUNCTION = YES;
				GCC_WARN_UNUSED_VARIABLE = YES;
				IPHONEOS_DEPLOYMENT_TARGET = 11.1;
				MTL_ENABLE_DEBUG_INFO = NO;
				SDKROOT = iphoneos;
				VALIDATE_PRODUCT = YES;
			};
			name = Release;
		};
		13DA343C1FD3A55800D219B4 /* Debug */ = {
			isa = XCBuildConfiguration;
			buildSettings = {
				ASSETCATALOG_COMPILER_APPICON_NAME = AppIcon;
				CODE_SIGN_STYLE = Automatic;
				DEVELOPMENT_TEAM = 259D5P5XNV;
				INFOPLIST_FILE = Demo_tableView/Info.plist;
				IPHONEOS_DEPLOYMENT_TARGET = 9.0;
				LD_RUNPATH_SEARCH_PATHS = "$(inherited) @executable_path/Frameworks";
				PRODUCT_BUNDLE_IDENTIFIER = "GrayLeo.Demo-tableView";
				PRODUCT_NAME = "$(TARGET_NAME)";
				TARGETED_DEVICE_FAMILY = "1,2";
			};
			name = Debug;
		};
		13DA343D1FD3A55800D219B4 /* Release */ = {
			isa = XCBuildConfiguration;
			buildSettings = {
				ASSETCATALOG_COMPILER_APPICON_NAME = AppIcon;
				CODE_SIGN_STYLE = Automatic;
				DEVELOPMENT_TEAM = 259D5P5XNV;
				INFOPLIST_FILE = Demo_tableView/Info.plist;
				IPHONEOS_DEPLOYMENT_TARGET = 9.0;
				LD_RUNPATH_SEARCH_PATHS = "$(inherited) @executable_path/Frameworks";
				PRODUCT_BUNDLE_IDENTIFIER = "GrayLeo.Demo-tableView";
				PRODUCT_NAME = "$(TARGET_NAME)";
				TARGETED_DEVICE_FAMILY = "1,2";
			};
			name = Release;
		};
/* End XCBuildConfiguration section */

/* Begin XCConfigurationList section */
		13DA34201FD3A55800D219B4 /* Build configuration list for PBXProject "Demo_tableView" */ = {
			isa = XCConfigurationList;
			buildConfigurations = (
				13DA34391FD3A55800D219B4 /* Debug */,
				13DA343A1FD3A55800D219B4 /* Release */,
			);
			defaultConfigurationIsVisible = 0;
			defaultConfigurationName = Release;
		};
		13DA343B1FD3A55800D219B4 /* Build configuration list for PBXNativeTarget "Demo_tableView" */ = {
			isa = XCConfigurationList;
			buildConfigurations = (
				13DA343C1FD3A55800D219B4 /* Debug */,
				13DA343D1FD3A55800D219B4 /* Release */,
			);
			defaultConfigurationIsVisible = 0;
			defaultConfigurationName = Release;
		};
/* End XCConfigurationList section */
	};
	rootObject = 13DA341D1FD3A55800D219B4 /* Project object */;
}
